dependencies:
  espressif/cjson:
    component_hash: e788323270d90738662d66fffa910bfe1fba019bba087f01557e70c40485b469
    source:
      service_url: https://api.components.espressif.com/
      type: service
    version: 1.7.19~2
  espressif/cmake_utilities:
    component_hash: 351350613ceafba240b761b4ea991e0f231ac7a9f59a9ee901f751bddc0bb18f
    source:
      service_url: https://api.components.espressif.com/
      type: service
    version: 0.5.3
  espressif/mdns:
    component_hash: e81ca7a7f53ea34e78274df054da692c272e1315572876b237b1748e267c013b
    source:
      service_url: https://api.components.espressif.com/
      type: service
    version: 1.11.3
  espressif/usb_host_uac:
    component_hash: 02f7e669b4dae033347e4523acaed4b8c402290a887878d396811c4bee47cc46
    source:
      service_url: https://api.components.espressif.com/
      type: service
    version: 1.5.0
  idf:
    component_hash: null
    source:
      type: idf
    version: 5.4.0
manifest_hash: 4ebf44eb517b597e872e93544bda7e5655fcc6616b80e7c67abaceacc44aa669
target: esp32s3
version: 1.0.0
