dependencies:
  esphome/libsodium:
    component_hash: fdfb2667c27c2c633e1d4a165e8c8f0b3776fd43acf4d3e1e65c1f1be7bfd682
    dependencies: []
    source:
      registry_url: https://components.espressif.com
      type: service
    version: 1.10021.4
  esphome/wireguard:
    component_hash: dc76a4b613ca3ceb0eddeb5b011d5a8bcdde021c07f58259b0133417e5002a9c
    dependencies:
    - name: esphome/libsodium
      registry_url: https://components.espressif.com
      require: private
      version: ^1.10021.1
    source:
      registry_url: https://components.espressif.com/
      type: service
    version: 0.4.6
  espressif/cjson:
    component_hash: e788323270d90738662d66fffa910bfe1fba019bba087f01557e70c40485b469
    dependencies:
    - name: idf
      require: private
      version: '>=5.0'
    source:
      registry_url: https://components.espressif.com/
      type: service
    version: 1.7.19~2
  espressif/cmake_utilities:
    component_hash: 351350613ceafba240b761b4ea991e0f231ac7a9f59a9ee901f751bddc0bb18f
    dependencies:
    - name: idf
      require: private
      version: '>=4.1'
    source:
      registry_url: https://components.espressif.com
      type: service
    version: 0.5.3
  espressif/mdns:
    component_hash: 3ba256ac95e07c274be53cbd73f06cb846c403b61e8fbdf1be57bdb79db7a63e
    dependencies:
    - name: idf
      require: private
      version: '>=5.0'
    source:
      registry_url: https://components.espressif.com/
      type: service
    version: 1.12.0
  espressif/usb:
    component_hash: 6c2cff118141dbbca181d0d27d71801fdddfc78f7ac03ae43f6e5a8cbd89cb99
    dependencies:
    - name: idf
      require: private
      version: '>=5.5.3'
    source:
      registry_url: https://components.espressif.com
      type: service
    targets:
    - esp32s2
    - esp32s3
    - esp32s31
    - esp32p4
    - esp32h4
    - linux
    version: 1.5.0
  espressif/usb_host_uac:
    component_hash: 02f7e669b4dae033347e4523acaed4b8c402290a887878d396811c4bee47cc46
    dependencies:
    - name: espressif/cmake_utilities
      registry_url: https://components.espressif.com
      require: private
      version: 0.5.*
    - name: idf
      require: private
      version: '>=5.0'
    - name: espressif/usb
      registry_url: https://components.espressif.com
      require: public
      rules:
      - if: idf_version >=6.0
      - if: target not in ["linux"]
      version: ^1.0.0
    source:
      registry_url: https://components.espressif.com/
      type: service
    targets:
    - esp32s2
    - esp32s3
    - esp32s31
    - esp32p4
    - esp32h4
    - linux
    version: 1.5.0
  idf:
    source:
      type: idf
    version: 6.0.1
direct_dependencies:
- esphome/wireguard
- espressif/cjson
- espressif/mdns
- espressif/usb_host_uac
manifest_hash: 397034ac4f76040e06f1e1cbcbeee9df7986cdf150f43bfad48cbace4cfacd30
target: esp32s3
version: 2.0.0
